// !$*UTF8*$!
{
	archiveVersion = 1;
	classes = {
	};
	objectVersion = 50;
	objects = {

/* Begin PBXBuildFile section */
		CD855DCC2669775D0011AED5 /* LearningApp.swift in Sources */ = {isa = PBXBuildFile; fileRef = CD855DCB2669775D0011AED5 /* LearningApp.swift */; };
		CD855DCE2669775D0011AED5 /* HomeView.swift in Sources */ = {isa = PBXBuildFile; fileRef = CD855DCD2669775D0011AED5 /* HomeView.swift */; };
		CD855DD02669775E0011AED5 /* Assets.xcassets in Resources */ = {isa = PBXBuildFile; fileRef = CD855DCF2669775E0011AED5 /* Assets.xcassets */; };
		CD855DD32669775E0011AED5 /* Preview Assets.xcassets in Resources */ = {isa = PBXBuildFile; fileRef = CD855DD22669775E0011AED5 /* Preview Assets.xcassets */; };
		CD855DE0266978540011AED5 /* ContentModel.swift in Sources */ = {isa = PBXBuildFile; fileRef = CD855DDF266978540011AED5 /* ContentModel.swift */; };
		CD855DE326697B4C0011AED5 /* style.html in Resources */ = {isa = PBXBuildFile; fileRef = CD855DE126697B4B0011AED5 /* style.html */; };
		CD855DE426697B4C0011AED5 /* data.json in Resources */ = {isa = PBXBuildFile; fileRef = CD855DE226697B4C0011AED5 /* data.json */; };
		CD855DE626697D2D0011AED5 /* Models.swift in Sources */ = {isa = PBXBuildFile; fileRef = CD855DE526697D2D0011AED5 /* Models.swift */; };
		CD855DE826698C510011AED5 /* HomeViewRow.swift in Sources */ = {isa = PBXBuildFile; fileRef = CD855DE726698C510011AED5 /* HomeViewRow.swift */; };
		CD855DEA266993AF0011AED5 /* ContentView.swift in Sources */ = {isa = PBXBuildFile; fileRef = CD855DE9266993AF0011AED5 /* ContentView.swift */; };
		CD855DEC26699DAE0011AED5 /* ContentViewRow.swift in Sources */ = {isa = PBXBuildFile; fileRef = CD855DEB26699DAE0011AED5 /* ContentViewRow.swift */; };
		CD855DEE2669A80C0011AED5 /* ContentDetailView.swift in Sources */ = {isa = PBXBuildFile; fileRef = CD855DED2669A80C0011AED5 /* ContentDetailView.swift */; };
		CD855DF12669AAE00011AED5 /* AVKit.framework in Frameworks */ = {isa = PBXBuildFile; fileRef = CD855DF02669AAE00011AED5 /* AVKit.framework */; };
		CD855DF32669AD060011AED5 /* Constants.swift in Sources */ = {isa = PBXBuildFile; fileRef = CD855DF22669AD060011AED5 /* Constants.swift */; };
		CD855E132669BC870011AED5 /* CodeTextView.swift in Sources */ = {isa = PBXBuildFile; fileRef = CD855E122669BC870011AED5 /* CodeTextView.swift */; };
		CD855E322669CFE40011AED5 /* RectangleCard.swift in Sources */ = {isa = PBXBuildFile; fileRef = CD855E312669CFE40011AED5 /* RectangleCard.swift */; };
/* End PBXBuildFile section */

/* Begin PBXFileReference section */
		CD855DC82669775D0011AED5 /* Learning.app */ = {isa = PBXFileReference; explicitFileType = wrapper.application; includeInIndex = 0; path = Learning.app; sourceTree = BUILT_PRODUCTS_DIR; };
		CD855DCB2669775D0011AED5 /* LearningApp.swift */ = {isa = PBXFileReference; lastKnownFileType = sourcecode.swift; path = LearningApp.swift; sourceTree = "<group>"; };
		CD855DCD2669775D0011AED5 /* HomeView.swift */ = {isa = PBXFileReference; lastKnownFileType = sourcecode.swift; path = HomeView.swift; sourceTree = "<group>"; };
		CD855DCF2669775E0011AED5 /* Assets.xcassets */ = {isa = PBXFileReference; lastKnownFileType = folder.assetcatalog; path = Assets.xcassets; sourceTree = "<group>"; };
		CD855DD22669775E0011AED5 /* Preview Assets.xcassets */ = {isa = PBXFileReference; lastKnownFileType = folder.assetcatalog; path = "Preview Assets.xcassets"; sourceTree = "<group>"; };
		CD855DD42669775E0011AED5 /* Info.plist */ = {isa = PBXFileReference; lastKnownFileType = text.plist.xml; path = Info.plist; sourceTree = "<group>"; };
		CD855DDF266978540011AED5 /* ContentModel.swift */ = {isa = PBXFileReference; lastKnownFileType = sourcecode.swift; path = ContentModel.swift; sourceTree = "<group>"; };
		CD855DE126697B4B0011AED5 /* style.html */ = {isa = PBXFileReference; fileEncoding = 4; lastKnownFileType = text.html; path = style.html; sourceTree = "<group>"; };
		CD855DE226697B4C0011AED5 /* data.json */ = {isa = PBXFileReference; fileEncoding = 4; lastKnownFileType = text.json; path = data.json; sourceTree = "<group>"; };
		CD855DE526697D2D0011AED5 /* Models.swift */ = {isa = PBXFileReference; lastKnownFileType = sourcecode.swift; path = Models.swift; sourceTree = "<group>"; };
		CD855DE726698C510011AED5 /* HomeViewRow.swift */ = {isa = PBXFileReference; lastKnownFileType = sourcecode.swift; path = HomeViewRow.swift; sourceTree = "<group>"; };
		CD855DE9266993AF0011AED5 /* ContentView.swift */ = {isa = PBXFileReference; lastKnownFileType = sourcecode.swift; path = ContentView.swift; sourceTree = "<group>"; };
		CD855DEB26699DAE0011AED5 /* ContentViewRow.swift */ = {isa = PBXFileReference; lastKnownFileType = sourcecode.swift; path = ContentViewRow.swift; sourceTree = "<group>"; };
		CD855DED2669A80C0011AED5 /* ContentDetailView.swift */ = {isa = PBXFileReference; lastKnownFileType = sourcecode.swift; path = ContentDetailView.swift; sourceTree = "<group>"; };
		CD855DF02669AAE00011AED5 /* AVKit.framework */ = {isa = PBXFileReference; lastKnownFileType = wrapper.framework; name = AVKit.framework; path = System/Library/Frameworks/AVKit.framework; sourceTree = SDKROOT; };
		CD855DF22669AD060011AED5 /* Constants.swift */ = {isa = PBXFileReference; lastKnownFileType = sourcecode.swift; path = Constants.swift; sourceTree = "<group>"; };
		CD855E122669BC870011AED5 /* CodeTextView.swift */ = {isa = PBXFileReference; lastKnownFileType = sourcecode.swift; path = CodeTextView.swift; sourceTree = "<group>"; };
		CD855E312669CFE40011AED5 /* RectangleCard.swift */ = {isa = PBXFileReference; lastKnownFileType = sourcecode.swift; path = RectangleCard.swift; sourceTree = "<group>"; };
/* End PBXFileReference section */

/* Begin PBXFrameworksBuildPhase section */
		CD855DC52669775D0011AED5 /* Frameworks */ = {
			isa = PBXFrameworksBuildPhase;
			buildActionMask = 2147483647;
			files = (
				CD855DF12669AAE00011AED5 /* AVKit.framework in Frameworks */,
			);
			runOnlyForDeploymentPostprocessing = 0;
		};
/* End PBXFrameworksBuildPhase section */

/* Begin PBXGroup section */
		CD855DBF2669775D0011AED5 = {
			isa = PBXGroup;
			children = (
				CD855DCA2669775D0011AED5 /* Learning */,
				CD855DC92669775D0011AED5 /* Products */,
				CD855DEF2669AAE00011AED5 /* Frameworks */,
			);
			sourceTree = "<group>";
		};
		CD855DC92669775D0011AED5 /* Products */ = {
			isa = PBXGroup;
			children = (
				CD855DC82669775D0011AED5 /* Learning.app */,
			);
			name = Products;
			sourceTree = "<group>";
		};
		CD855DCA2669775D0011AED5 /* Learning */ = {
			isa = PBXGroup;
			children = (
				CD855DCB2669775D0011AED5 /* LearningApp.swift */,
				CD855DDA266977DE0011AED5 /* Views */,
				CD855DDB266977F00011AED5 /* ViewModels */,
				CD855DDC266977FC0011AED5 /* Models */,
				CD855DDD266978080011AED5 /* Resources */,
				CD855DDE2669780F0011AED5 /* Helpers */,
				CD855DCF2669775E0011AED5 /* Assets.xcassets */,
				CD855DD42669775E0011AED5 /* Info.plist */,
				CD855DD12669775E0011AED5 /* Preview Content */,
			);
			path = Learning;
			sourceTree = "<group>";
		};
		CD855DD12669775E0011AED5 /* Preview Content */ = {
			isa = PBXGroup;
			children = (
				CD855DD22669775E0011AED5 /* Preview Assets.xcassets */,
			);
			path = "Preview Content";
			sourceTree = "<group>";
		};
		CD855DDA266977DE0011AED5 /* Views */ = {
			isa = PBXGroup;
			children = (
				CD855DCD2669775D0011AED5 /* HomeView.swift */,
				CD855DE726698C510011AED5 /* HomeViewRow.swift */,
				CD855DE9266993AF0011AED5 /* ContentView.swift */,
				CD855DEB26699DAE0011AED5 /* ContentViewRow.swift */,
				CD855DED2669A80C0011AED5 /* ContentDetailView.swift */,
				CD855E122669BC870011AED5 /* CodeTextView.swift */,
				CD855E312669CFE40011AED5 /* RectangleCard.swift */,
			);
			path = Views;
			sourceTree = "<group>";
		};
		CD855DDB266977F00011AED5 /* ViewModels */ = {
			isa = PBXGroup;
			children = (
				CD855DDF266978540011AED5 /* ContentModel.swift */,
			);
			path = ViewModels;
			sourceTree = "<group>";
		};
		CD855DDC266977FC0011AED5 /* Models */ = {
			isa = PBXGroup;
			children = (
				CD855DE526697D2D0011AED5 /* Models.swift */,
			);
			path = Models;
			sourceTree = "<group>";
		};
		CD855DDD266978080011AED5 /* Resources */ = {
			isa = PBXGroup;
			children = (
				CD855DE226697B4C0011AED5 /* data.json */,
				CD855DE126697B4B0011AED5 /* style.html */,
				CD855DF22669AD060011AED5 /* Constants.swift */,
			);
			path = Resources;
			sourceTree = "<group>";
		};
		CD855DDE2669780F0011AED5 /* Helpers */ = {
			isa = PBXGroup;
			children = (
			);
			path = Helpers;
			sourceTree = "<group>";
		};
		CD855DEF2669AAE00011AED5 /* Frameworks */ = {
			isa = PBXGroup;
			children = (
				CD855DF02669AAE00011AED5 /* AVKit.framework */,
			);
			name = Frameworks;
			sourceTree = "<group>";
		};
/* End PBXGroup section */

/* Begin PBXNativeTarget section */
		CD855DC72669775D0011AED5 /* Learning */ = {
			isa = PBXNativeTarget;
			buildConfigurationList = CD855DD72669775E0011AED5 /* Build configuration list for PBXNativeTarget "Learning" */;
			buildPhases = (
				CD855DC42669775D0011AED5 /* Sources */,
				CD855DC52669775D0011AED5 /* Frameworks */,
				CD855DC62669775D0011AED5 /* Resources */,
			);
			buildRules = (
			);
			dependencies = (
			);
			name = Learning;
			productName = Learning;
			productReference = CD855DC82669775D0011AED5 /* Learning.app */;
			productType = "com.apple.product-type.application";
		};
/* End PBXNativeTarget section */

/* Begin PBXProject section */
		CD855DC02669775D0011AED5 /* Project object */ = {
			isa = PBXProject;
			attributes = {
				LastSwiftUpdateCheck = 1250;
				LastUpgradeCheck = 1250;
				TargetAttributes = {
					CD855DC72669775D0011AED5 = {
						CreatedOnToolsVersion = 12.5;
					};
				};
			};
			buildConfigurationList = CD855DC32669775D0011AED5 /* Build configuration list for PBXProject "Learning" */;
			compatibilityVersion = "Xcode 9.3";
			developmentRegion = en;
			hasScannedForEncodings = 0;
			knownRegions = (
				en,
				Base,
			);
			mainGroup = CD855DBF2669775D0011AED5;
			productRefGroup = CD855DC92669775D0011AED5 /* Products */;
			projectDirPath = "";
			projectRoot = "";
			targets = (
				CD855DC72669775D0011AED5 /* Learning */,
			);
		};
/* End PBXProject section */

/* Begin PBXResourcesBuildPhase section */
		CD855DC62669775D0011AED5 /* Resources */ = {
			isa = PBXResourcesBuildPhase;
			buildActionMask = 2147483647;
			files = (
				CD855DE326697B4C0011AED5 /* style.html in Resources */,
				CD855DD32669775E0011AED5 /* Preview Assets.xcassets in Resources */,
				CD855DD02669775E0011AED5 /* Assets.xcassets in Resources */,
				CD855DE426697B4C0011AED5 /* data.json in Resources */,
			);
			runOnlyForDeploymentPostprocessing = 0;
		};
/* End PBXResourcesBuildPhase section */

/* Begin PBXSourcesBuildPhase section */
		CD855DC42669775D0011AED5 /* Sources */ = {
			isa = PBXSourcesBuildPhase;
			buildActionMask = 2147483647;
			files = (
				CD855DCE2669775D0011AED5 /* HomeView.swift in Sources */,
				CD855DE826698C510011AED5 /* HomeViewRow.swift in Sources */,
				CD855DEA266993AF0011AED5 /* ContentView.swift in Sources */,
				CD855DEE2669A80C0011AED5 /* ContentDetailView.swift in Sources */,
				CD855DCC2669775D0011AED5 /* LearningApp.swift in Sources */,
				CD855DEC26699DAE0011AED5 /* ContentViewRow.swift in Sources */,
				CD855E132669BC870011AED5 /* CodeTextView.swift in Sources */,
				CD855DE0266978540011AED5 /* ContentModel.swift in Sources */,
				CD855DE626697D2D0011AED5 /* Models.swift in Sources */,
				CD855E322669CFE40011AED5 /* RectangleCard.swift in Sources */,
				CD855DF32669AD060011AED5 /* Constants.swift in Sources */,
			);
			runOnlyForDeploymentPostprocessing = 0;
		};
/* End PBXSourcesBuildPhase section */

/* Begin XCBuildConfiguration section */
		CD855DD52669775E0011AED5 /* Debug */ = {
			isa = XCBuildConfiguration;
			buildSettings = {
				ALWAYS_SEARCH_USER_PATHS = NO;
				CLANG_ANALYZER_NONNULL = YES;
				CLANG_ANALYZER_NUMBER_OBJECT_CONVERSION = YES_AGGRESSIVE;
				CLANG_CXX_LANGUAGE_STANDARD = "gnu++14";
				CLANG_CXX_LIBRARY = "libc++";
				CLANG_ENABLE_MODULES = YES;
				CLANG_ENABLE_OBJC_ARC = YES;
				CLANG_ENABLE_OBJC_WEAK = YES;
				CLANG_WARN_BLOCK_CAPTURE_AUTORELEASING = YES;
				CLANG_WARN_BOOL_CONVERSION = YES;
				CLANG_WARN_COMMA = YES;
				CLANG_WARN_CONSTANT_CONVERSION = YES;
				CLANG_WARN_DEPRECATED_OBJC_IMPLEMENTATIONS = YES;
				CLANG_WARN_DIRECT_OBJC_ISA_USAGE = YES_ERROR;
				CLANG_WARN_DOCUMENTATION_COMMENTS = YES;
				CLANG_WARN_EMPTY_BODY = YES;
				CLANG_WARN_ENUM_CONVERSION = YES;
				CLANG_WARN_INFINITE_RECURSION = YES;
				CLANG_WARN_INT_CONVERSION = YES;
				CLANG_WARN_NON_LITERAL_NULL_CONVERSION = YES;
				CLANG_WARN_OBJC_IMPLICIT_RETAIN_SELF = YES;
				CLANG_WARN_OBJC_LITERAL_CONVERSION = YES;
				CLANG_WARN_OBJC_ROOT_CLASS = YES_ERROR;
				CLANG_WARN_QUOTED_INCLUDE_IN_FRAMEWORK_HEADER = YES;
				CLANG_WARN_RANGE_LOOP_ANALYSIS = YES;
				CLANG_WARN_STRICT_PROTOTYPES = YES;
				CLANG_WARN_SUSPICIOUS_MOVE = YES;
				CLANG_WARN_UNGUARDED_AVAILABILITY = YES_AGGRESSIVE;
				CLANG_WARN_UNREACHABLE_CODE = YES;
				CLANG_WARN__DUPLICATE_METHOD_MATCH = YES;
				COPY_PHASE_STRIP = NO;
				DEBUG_INFORMATION_FORMAT = dwarf;
				ENABLE_STRICT_OBJC_MSGSEND = YES;
				ENABLE_TESTABILITY = YES;
				GCC_C_LANGUAGE_STANDARD = gnu11;
				GCC_DYNAMIC_NO_PIC = NO;
				GCC_NO_COMMON_BLOCKS = YES;
				GCC_OPTIMIZATION_LEVEL = 0;
				GCC_PREPROCESSOR_DEFINITIONS = (
					"DEBUG=1",
					"$(inherited)",
				);
				GCC_WARN_64_TO_32_BIT_CONVERSION = YES;
				GCC_WARN_ABOUT_RETURN_TYPE = YES_ERROR;
				GCC_WARN_UNDECLARED_SELECTOR = YES;
				GCC_WARN_UNINITIALIZED_AUTOS = YES_AGGRESSIVE;
				GCC_WARN_UNUSED_FUNCTION = YES;
				GCC_WARN_UNUSED_VARIABLE = YES;
				IPHONEOS_DEPLOYMENT_TARGET = 14.5;
				MTL_ENABLE_DEBUG_INFO = INCLUDE_SOURCE;
				MTL_FAST_MATH = YES;
				ONLY_ACTIVE_ARCH = YES;
				SDKROOT = iphoneos;
				SWIFT_ACTIVE_COMPILATION_CONDITIONS = DEBUG;
				SWIFT_OPTIMIZATION_LEVEL = "-Onone";
			};
			name = Debug;
		};
		CD855DD62669775E0011AED5 /* Release */ = {
			isa = XCBuildConfiguration;
			buildSettings = {
				ALWAYS_SEARCH_USER_PATHS = NO;
				CLANG_ANALYZER_NONNULL = YES;
				CLANG_ANALYZER_NUMBER_OBJECT_CONVERSION = YES_AGGRESSIVE;
				CLANG_CXX_LANGUAGE_STANDARD = "gnu++14";
				CLANG_CXX_LIBRARY = "libc++";
				CLANG_ENABLE_MODULES = YES;
				CLANG_ENABLE_OBJC_ARC = YES;
				CLANG_ENABLE_OBJC_WEAK = YES;
				CLANG_WARN_BLOCK_CAPTURE_AUTORELEASING = YES;
				CLANG_WARN_BOOL_CONVERSION = YES;
				CLANG_WARN_COMMA = YES;
				CLANG_WARN_CONSTANT_CONVERSION = YES;
				CLANG_WARN_DEPRECATED_OBJC_IMPLEMENTATIONS = YES;
				CLANG_WARN_DIRECT_OBJC_ISA_USAGE = YES_ERROR;
				CLANG_WARN_DOCUMENTATION_COMMENTS = YES;
				CLANG_WARN_EMPTY_BODY = YES;
				CLANG_WARN_ENUM_CONVERSION = YES;
				CLANG_WARN_INFINITE_RECURSION = YES;
				CLANG_WARN_INT_CONVERSION = YES;
				CLANG_WARN_NON_LITERAL_NULL_CONVERSION = YES;
				CLANG_WARN_OBJC_IMPLICIT_RETAIN_SELF = YES;
				CLANG_WARN_OBJC_LITERAL_CONVERSION = YES;
				CLANG_WARN_OBJC_ROOT_CLASS = YES_ERROR;
				CLANG_WARN_QUOTED_INCLUDE_IN_FRAMEWORK_HEADER = YES;
				CLANG_WARN_RANGE_LOOP_ANALYSIS = YES;
				CLANG_WARN_STRICT_PROTOTYPES = YES;
				CLANG_WARN_SUSPICIOUS_MOVE = YES;
				CLANG_WARN_UNGUARDED_AVAILABILITY = YES_AGGRESSIVE;
				CLANG_WARN_UNREACHABLE_CODE = YES;
				CLANG_WARN__DUPLICATE_METHOD_MATCH = YES;
				COPY_PHASE_STRIP = NO;
				DEBUG_INFORMATION_FORMAT = "dwarf-with-dsym";
				ENABLE_NS_ASSERTIONS = NO;
				ENABLE_STRICT_OBJC_MSGSEND = YES;
				GCC_C_LANGUAGE_STANDARD = gnu11;
				GCC_NO_COMMON_BLOCKS = YES;
				GCC_WARN_64_TO_32_BIT_CONVERSION = YES;
				GCC_WARN_ABOUT_RETURN_TYPE = YES_ERROR;
				GCC_WARN_UNDECLARED_SELECTOR = YES;
				GCC_WARN_UNINITIALIZED_AUTOS = YES_AGGRESSIVE;
				GCC_WARN_UNUSED_FUNCTION = YES;
				GCC_WARN_UNUSED_VARIABLE = YES;
				IPHONEOS_DEPLOYMENT_TARGET = 14.5;
				MTL_ENABLE_DEBUG_INFO = NO;
				MTL_FAST_MATH = YES;
				SDKROOT = iphoneos;
				SWIFT_COMPILATION_MODE = wholemodule;
				SWIFT_OPTIMIZATION_LEVEL = "-O";
				VALIDATE_PRODUCT = YES;
			};
			name = Release;
		};
		CD855DD82669775E0011AED5 /* Debug */ = {
			isa = XCBuildConfiguration;
			buildSettings = {
				ASSETCATALOG_COMPILER_APPICON_NAME = AppIcon;
				ASSETCATALOG_COMPILER_GLOBAL_ACCENT_COLOR_NAME = AccentColor;
				CODE_SIGN_STYLE = Automatic;
				DEVELOPMENT_ASSET_PATHS = "\"Learning/Preview Content\"";
				DEVELOPMENT_TEAM = 92VL3B84MP;
				ENABLE_PREVIEWS = YES;
				INFOPLIST_FILE = Learning/Info.plist;
				IPHONEOS_DEPLOYMENT_TARGET = 14.0;
				LD_RUNPATH_SEARCH_PATHS = (
					"$(inherited)",
					"@executable_path/Frameworks",
				);
				PRODUCT_BUNDLE_IDENTIFIER = Individual.Learning;
				PRODUCT_NAME = "$(TARGET_NAME)";
				SWIFT_VERSION = 5.0;
				TARGETED_DEVICE_FAMILY = "1,2";
			};
			name = Debug;
		};
		CD855DD92669775E0011AED5 /* Release */ = {
			isa = XCBuildConfiguration;
			buildSettings = {
				ASSETCATALOG_COMPILER_APPICON_NAME = AppIcon;
				ASSETCATALOG_COMPILER_GLOBAL_ACCENT_COLOR_NAME = AccentColor;
				CODE_SIGN_STYLE = Automatic;
				DEVELOPMENT_ASSET_PATHS = "\"Learning/Preview Content\"";
				DEVELOPMENT_TEAM = 92VL3B84MP;
				ENABLE_PREVIEWS = YES;
				INFOPLIST_FILE = Learning/Info.plist;
				IPHONEOS_DEPLOYMENT_TARGET = 14.0;
				LD_RUNPATH_SEARCH_PATHS = (
					"$(inherited)",
					"@executable_path/Frameworks",
				);
				PRODUCT_BUNDLE_IDENTIFIER = Individual.Learning;
				PRODUCT_NAME = "$(TARGET_NAME)";
				SWIFT_VERSION = 5.0;
				TARGETED_DEVICE_FAMILY = "1,2";
			};
			name = Release;
		};
/* End XCBuildConfiguration section */

/* Begin XCConfigurationList section */
		CD855DC32669775D0011AED5 /* Build configuration list for PBXProject "Learning" */ = {
			isa = XCConfigurationList;
			buildConfigurations = (
				CD855DD52669775E0011AED5 /* Debug */,
				CD855DD62669775E0011AED5 /* Release */,
			);
			defaultConfigurationIsVisible = 0;
			defaultConfigurationName = Release;
		};
		CD855DD72669775E0011AED5 /* Build configuration list for PBXNativeTarget "Learning" */ = {
			isa = XCConfigurationList;
			buildConfigurations = (
				CD855DD82669775E0011AED5 /* Debug */,
				CD855DD92669775E0011AED5 /* Release */,
			);
			defaultConfigurationIsVisible = 0;
			defaultConfigurationName = Release;
		};
/* End XCConfigurationList section */
	};
	rootObject = CD855DC02669775D0011AED5 /* Project object */;
}
